# Generated by buf. DO NOT EDIT.
version: v2
deps:
  - name: buf.build/bufbuild/protovalidate
    commit: 6c6e0d3c608e4549802254a2eee81bc8
    digest: b5:a7ca081f38656fc0f5aaa685cc111d3342876723851b47ca6b80cbb810cbb2380f8c444115c495ada58fa1f85eff44e68dc54a445761c195acdb5e8d9af675b6
  - name: buf.build/gnostic/gnostic
    commit: 087bc8072ce44e339f213209e4d57bf0
    digest: b5:c4eebcd04bc2fdd5dd0b8d695eb419682a650b600cdb56ff2ed61208a24603e0eb1b8ae0d467925c69a24bde6d322f3c4112bd2b8efdd682d8c3128384cdac9a
  - name: buf.build/googleapis/googleapis
    commit: 61b203b9a9164be9a834f58c37be6f62
    digest: b5:7811a98b35bd2e4ae5c3ac73c8b3d9ae429f3a790da15de188dc98fc2b77d6bb10e45711f14903af9553fa9821dff256054f2e4b7795789265bc476bec2f088c
  - name: buf.build/protocolbuffers/wellknowntypes
    commit: d4f14e5e0a9c40889c90d373c74e95eb
    digest: b5:39b4d0887abcd8ee1594086283f4120f688e1c33ec9ccd554ab0362ad9ad482154d0e07e3787d394bb22970930b452aac1c5c105c05efe129cec299ff5b5e05e
