# Generated by buf. DO NOT EDIT.
version: v2
deps:
  - name: buf.build/gnostic/gnostic
    commit: 087bc8072ce44e339f213209e4d57bf0
    digest: b5:c4eebcd04bc2fdd5dd0b8d695eb419682a650b600cdb56ff2ed61208a24603e0eb1b8ae0d467925c69a24bde6d322f3c4112bd2b8efdd682d8c3128384cdac9a
  - name: buf.build/googleapis/googleapis
    commit: 536964a08a534d51b8f30f2d6751f1f9
    digest: b5:3e05d27e797b00c345fadd3c15cf0e16c4cc693036a55059721e66d6ce22a96264a4897658c9243bb0874fa9ca96e437589eb512189d2754604a626c632f6030
